# Generated by uv 0.7.2 for CPython 3.12 on Linux.
# To regenerate, copy the three pinned requirements below into a temporary input file, then run:
# uv pip compile --no-config --python-version 3.12 --python-platform x86_64-manylinux_2_28 --no-deps --generate-hashes --output-file scripts/diffusion-deps.lock <temporary-input>
av==18.0.0 \
    --hash=sha256:0f65518a184613e41536f29e8758c8e3d8293e46bf5bef108f04f925bbfa3f44 \
    --hash=sha256:149289d40e732a6e49c9530bc245b49d9964cfd1c8c9e06778703b7d5bba6b25 \
    --hash=sha256:30404f53ca1ea7f350ac86ff22a2c04f903014758e9b33f398c5a62de34bd84f \
    --hash=sha256:35274c20d2ad3b4774fe632bcef2e34af79858ddf899352339cc3babbc13a484 \
    --hash=sha256:4d683b7747a0ba9222b8a5f81e41db5f796e7f64473454ec4fe2548e083c2fa0 \
    --hash=sha256:4ef7e72c3d3a872584a1215173b16e0226811037f40dcdbf75992631098df1ba \
    --hash=sha256:55a646e9afce9fdc5de5224205a8a12c7ed1ba9803145dcc876c40bfc03a109b \
    --hash=sha256:613153e48cefc91700746dde0ad0282d4677b194cba22cc771de14c78411cf8b \
    --hash=sha256:6882a48f7aec2863c96cddee3256ff2da98f7fb6cbed83cee9d7e70a8f186a6b \
    --hash=sha256:88ce194c2201c6a6d40336adee8a5ddde46ed743eacb500e3ae9368d1c6d889e \
    --hash=sha256:88dd8e35e9242662b409a6a05fd24a6775d949eb05da0ba31cab4f250eacbab5 \
    --hash=sha256:96f594ff506a09475e5549359352332049a25d37a08f00b4623f7f6e92e45b9c \
    --hash=sha256:aa15e567a018cc94a26b0ab45da676dee70c4146ace6e92e47d30cc9689cbfbe \
    --hash=sha256:aaf4d354d2beaa6651e4f92e54409a578bde64f79c0beef9a30b388d06f7c629 \
    --hash=sha256:adac2b3833b6cb9bd6cb52664a522b94db453615b3675b1dbb26e13fe1c80da6 \
    --hash=sha256:ae56b40b6f8b067a8ad2dac664fbfbabac7f7a55b9a7bb031eb99289252bc017 \
    --hash=sha256:ea2e8ebbce521f21b55df9400e00d721623c9020ef158f5a188a96130be0743f \
    --hash=sha256:ef96dabb3e50dac249913145dff5424b302b257fd95dcb64be3c7b7a8aef16d1 \
    --hash=sha256:f8f454349c402e2c8d6fa80b54eb2a3f86c00f414d2b399f01ae6dab075c6fd8
    # via -r <temporary-input>
imageio==2.37.4 \
    --hash=sha256:1ab2e22c8debf700f24c3ac43e8f95f3b3a8110c83b93411e97b4b0b2cd1c7e6 \
    --hash=sha256:e45cbc5e83502047fb138f7f585f7f105a136a57eea5f4b3cfc6ce1b52720bd3
    # via -r <temporary-input>
imageio-ffmpeg==0.6.0 \
    --hash=sha256:02fa47c83703c37df6bfe4896aab339013f62bf02c5ebf2dce6da56af04ffc0a \
    --hash=sha256:196faa79366b4a82f95c0f4053191d2013f4714a715780f0ad2a68ff37483cc2 \
    --hash=sha256:1d47bebd83d2c5fc770720d211855f208af8a596c82d17730aa51e815cdee6dc \
    --hash=sha256:9d2baaf867088508d4a3458e61eeb30e945c4ad8016025545f66c4b5aaef0a61 \
    --hash=sha256:b1ae3173414b5fc5f538a726c4e48ea97edc0d2cdc11f103afee655c463fa742 \
    --hash=sha256:c7e46fcec401dd990405049d2e2f475e2b397779df2519b544b8aab515195282 \
    --hash=sha256:e2556bed8e005564a9f925bb7afa4002d82770d6b08825078b7697ab88ba1755
    # via -r <temporary-input>
